
Microsoft Visual Studio Solution File, Format Version 12.00
# Visual Studio Version 17
VisualStudioVersion = 17.0.31903.59
MinimumVisualStudioVersion = 10.0.40219.1
Project("{2150E333-8FDC-42A3-9474-1A3956D46DE8}") = "src", "src", "{827E0CD3-B72D-47B6-A68D-7590B98EB39B}"
EndProject
Project("{FAE04EC0-301F-11D3-BF4B-00C04F79EFBC}") = "Gradil.Core", "src\Gradil.Core\Gradil.Core.csproj", "{4C5C8441-3939-4142-B3B3-BCB27FE184D7}"
EndProject
Project("{FAE04EC0-301F-11D3-BF4B-00C04F79EFBC}") = "Gradil.Infraestrutura", "src\Gradil.Infraestrutura\Gradil.Infraestrutura.csproj", "{20A91B1F-E3C6-48FE-9515-70F548BB7367}"
EndProject
Project("{FAE04EC0-301F-11D3-BF4B-00C04F79EFBC}") = "Gradil.App", "src\Gradil.App\Gradil.App.csproj", "{9D09AD34-150C-4638-8EE7-DDB13BA9EA31}"
EndProject
Project("{2150E333-8FDC-42A3-9474-1A3956D46DE8}") = "tests", "tests", "{0AB3BF05-4346-4AA6-1389-037BE0695223}"
EndProject
Project("{FAE04EC0-301F-11D3-BF4B-00C04F79EFBC}") = "Gradil.Tests", "tests\Gradil.Tests\Gradil.Tests.csproj", "{9AC8CFCB-DAB1-4DC8-B4D4-789185C6464B}"
EndProject
Global
	GlobalSection(SolutionConfigurationPlatforms) = preSolution
		Debug|Any CPU = Debug|Any CPU
		Debug|x64 = Debug|x64
		Debug|x86 = Debug|x86
		Release|Any CPU = Release|Any CPU
		Release|x64 = Release|x64
		Release|x86 = Release|x86
	EndGlobalSection
	GlobalSection(ProjectConfigurationPlatforms) = postSolution
		{4C5C8441-3939-4142-B3B3-BCB27FE184D7}.Debug|Any CPU.ActiveCfg = Debug|Any CPU
		{4C5C8441-3939-4142-B3B3-BCB27FE184D7}.Debug|Any CPU.Build.0 = Debug|Any CPU
		{4C5C8441-3939-4142-B3B3-BCB27FE184D7}.Debug|x64.ActiveCfg = Debug|Any CPU
		{4C5C8441-3939-4142-B3B3-BCB27FE184D7}.Debug|x64.Build.0 = Debug|Any CPU
		{4C5C8441-3939-4142-B3B3-BCB27FE184D7}.Debug|x86.ActiveCfg = Debug|Any CPU
		{4C5C8441-3939-4142-B3B3-BCB27FE184D7}.Debug|x86.Build.0 = Debug|Any CPU
		{4C5C8441-3939-4142-B3B3-BCB27FE184D7}.Release|Any CPU.ActiveCfg = Release|Any CPU
		{4C5C8441-3939-4142-B3B3-BCB27FE184D7}.Release|Any CPU.Build.0 = Release|Any CPU
		{4C5C8441-3939-4142-B3B3-BCB27FE184D7}.Release|x64.ActiveCfg = Release|Any CPU
		{4C5C8441-3939-4142-B3B3-BCB27FE184D7}.Release|x64.Build.0 = Release|Any CPU
		{4C5C8441-3939-4142-B3B3-BCB27FE184D7}.Release|x86.ActiveCfg = Release|Any CPU
		{4C5C8441-3939-4142-B3B3-BCB27FE184D7}.Release|x86.Build.0 = Release|Any CPU
		{20A91B1F-E3C6-48FE-9515-70F548BB7367}.Debug|Any CPU.ActiveCfg = Debug|Any CPU
		{20A91B1F-E3C6-48FE-9515-70F548BB7367}.Debug|Any CPU.Build.0 = Debug|Any CPU
		{20A91B1F-E3C6-48FE-9515-70F548BB7367}.Debug|x64.ActiveCfg = Debug|Any CPU
		{20A91B1F-E3C6-48FE-9515-70F548BB7367}.Debug|x64.Build.0 = Debug|Any CPU
		{20A91B1F-E3C6-48FE-9515-70F548BB7367}.Debug|x86.ActiveCfg = Debug|Any CPU
		{20A91B1F-E3C6-48FE-9515-70F548BB7367}.Debug|x86.Build.0 = Debug|Any CPU
		{20A91B1F-E3C6-48FE-9515-70F548BB7367}.Release|Any CPU.ActiveCfg = Release|Any CPU
		{20A91B1F-E3C6-48FE-9515-70F548BB7367}.Release|Any CPU.Build.0 = Release|Any CPU
		{20A91B1F-E3C6-48FE-9515-70F548BB7367}.Release|x64.ActiveCfg = Release|Any CPU
		{20A91B1F-E3C6-48FE-9515-70F548BB7367}.Release|x64.Build.0 = Release|Any CPU
		{20A91B1F-E3C6-48FE-9515-70F548BB7367}.Release|x86.ActiveCfg = Release|Any CPU
		{20A91B1F-E3C6-48FE-9515-70F548BB7367}.Release|x86.Build.0 = Release|Any CPU
		{9D09AD34-150C-4638-8EE7-DDB13BA9EA31}.Debug|Any CPU.ActiveCfg = Debug|Any CPU
		{9D09AD34-150C-4638-8EE7-DDB13BA9EA31}.Debug|Any CPU.Build.0 = Debug|Any CPU
		{9D09AD34-150C-4638-8EE7-DDB13BA9EA31}.Debug|x64.ActiveCfg = Debug|Any CPU
		{9D09AD34-150C-4638-8EE7-DDB13BA9EA31}.Debug|x64.Build.0 = Debug|Any CPU
		{9D09AD34-150C-4638-8EE7-DDB13BA9EA31}.Debug|x86.ActiveCfg = Debug|Any CPU
		{9D09AD34-150C-4638-8EE7-DDB13BA9EA31}.Debug|x86.Build.0 = Debug|Any CPU
		{9D09AD34-150C-4638-8EE7-DDB13BA9EA31}.Release|Any CPU.ActiveCfg = Release|Any CPU
		{9D09AD34-150C-4638-8EE7-DDB13BA9EA31}.Release|Any CPU.Build.0 = Release|Any CPU
		{9D09AD34-150C-4638-8EE7-DDB13BA9EA31}.Release|x64.ActiveCfg = Release|Any CPU
		{9D09AD34-150C-4638-8EE7-DDB13BA9EA31}.Release|x64.Build.0 = Release|Any CPU
		{9D09AD34-150C-4638-8EE7-DDB13BA9EA31}.Release|x86.ActiveCfg = Release|Any CPU
		{9D09AD34-150C-4638-8EE7-DDB13BA9EA31}.Release|x86.Build.0 = Release|Any CPU
		{9AC8CFCB-DAB1-4DC8-B4D4-789185C6464B}.Debug|Any CPU.ActiveCfg = Debug|Any CPU
		{9AC8CFCB-DAB1-4DC8-B4D4-789185C6464B}.Debug|Any CPU.Build.0 = Debug|Any CPU
		{9AC8CFCB-DAB1-4DC8-B4D4-789185C6464B}.Debug|x64.ActiveCfg = Debug|Any CPU
		{9AC8CFCB-DAB1-4DC8-B4D4-789185C6464B}.Debug|x64.Build.0 = Debug|Any CPU
		{9AC8CFCB-DAB1-4DC8-B4D4-789185C6464B}.Debug|x86.ActiveCfg = Debug|Any CPU
		{9AC8CFCB-DAB1-4DC8-B4D4-789185C6464B}.Debug|x86.Build.0 = Debug|Any CPU
		{9AC8CFCB-DAB1-4DC8-B4D4-789185C6464B}.Release|Any CPU.ActiveCfg = Release|Any CPU
		{9AC8CFCB-DAB1-4DC8-B4D4-789185C6464B}.Release|Any CPU.Build.0 = Release|Any CPU
		{9AC8CFCB-DAB1-4DC8-B4D4-789185C6464B}.Release|x64.ActiveCfg = Release|Any CPU
		{9AC8CFCB-DAB1-4DC8-B4D4-789185C6464B}.Release|x64.Build.0 = Release|Any CPU
		{9AC8CFCB-DAB1-4DC8-B4D4-789185C6464B}.Release|x86.ActiveCfg = Release|Any CPU
		{9AC8CFCB-DAB1-4DC8-B4D4-789185C6464B}.Release|x86.Build.0 = Release|Any CPU
	EndGlobalSection
	GlobalSection(SolutionProperties) = preSolution
		HideSolutionNode = FALSE
	EndGlobalSection
	GlobalSection(NestedProjects) = preSolution
		{4C5C8441-3939-4142-B3B3-BCB27FE184D7} = {827E0CD3-B72D-47B6-A68D-7590B98EB39B}
		{20A91B1F-E3C6-48FE-9515-70F548BB7367} = {827E0CD3-B72D-47B6-A68D-7590B98EB39B}
		{9D09AD34-150C-4638-8EE7-DDB13BA9EA31} = {827E0CD3-B72D-47B6-A68D-7590B98EB39B}
		{9AC8CFCB-DAB1-4DC8-B4D4-789185C6464B} = {0AB3BF05-4346-4AA6-1389-037BE0695223}
	EndGlobalSection
EndGlobal
